
Microsoft Visual Studio Solution File, Format Version 12.00
# Visual Studio 15
VisualStudioVersion = 15.0.27130.2036
MinimumVisualStudioVersion = 10.0.40219.1
Project("{FAE04EC0-301F-11D3-BF4B-00C04F79EFBC}") = "Sitefinity.LibraryItemsDownloader", "Sitefinity.LibraryItemsDownloader\Sitefinity.LibraryItemsDownloader.csproj", "{20889157-2ABD-4328-B260-447504DAE4A5}"
EndProject
Project("{FAE04EC0-301F-11D3-BF4B-00C04F79EFBC}") = "Sitefinity.LibraryItemsDownloader.Tests", "Sitefinity.LibraryItemsDownloader.Tests\Sitefinity.LibraryItemsDownloader.Tests.csproj", "{22567BE4-AA9F-4146-B59A-5C61DB0E75FB}"
EndProject
Global
	GlobalSection(SolutionConfigurationPlatforms) = preSolution
		Debug|Any CPU = Debug|Any CPU
		Release|Any CPU = Release|Any CPU
	EndGlobalSection
	GlobalSection(ProjectConfigurationPlatforms) = postSolution
		{20889157-2ABD-4328-B260-447504DAE4A5}.Debug|Any CPU.ActiveCfg = Debug|Any CPU
		{20889157-2ABD-4328-B260-447504DAE4A5}.Debug|Any CPU.Build.0 = Debug|Any CPU
		{20889157-2ABD-4328-B260-447504DAE4A5}.Release|Any CPU.ActiveCfg = Release|Any CPU
		{20889157-2ABD-4328-B260-447504DAE4A5}.Release|Any CPU.Build.0 = Release|Any CPU
		{22567BE4-AA9F-4146-B59A-5C61DB0E75FB}.Debug|Any CPU.ActiveCfg = Debug|Any CPU
		{22567BE4-AA9F-4146-B59A-5C61DB0E75FB}.Debug|Any CPU.Build.0 = Debug|Any CPU
		{22567BE4-AA9F-4146-B59A-5C61DB0E75FB}.Release|Any CPU.ActiveCfg = Release|Any CPU
		{22567BE4-AA9F-4146-B59A-5C61DB0E75FB}.Release|Any CPU.Build.0 = Release|Any CPU
	EndGlobalSection
	GlobalSection(SolutionProperties) = preSolution
		HideSolutionNode = FALSE
	EndGlobalSection
	GlobalSection(ExtensibilityGlobals) = postSolution
		SolutionGuid = {DD65776E-B1D5-4110-A79E-C0C7C4FA68EB}
	EndGlobalSection
EndGlobal
