
Microsoft Visual Studio Solution File, Format Version 12.00
# Visual Studio 15
VisualStudioVersion = 15.0.27130.2027
MinimumVisualStudioVersion = 10.0.40219.1
Project("{FAE04EC0-301F-11D3-BF4B-00C04F79EFBC}") = "SitefinityWebApp", "SitefinityWebApp.csproj", "{3E598CFC-83B2-494A-A97F-32EB24D797C6}"
EndProject
Project("{FAE04EC0-301F-11D3-BF4B-00C04F79EFBC}") = "Sitefinity.LibraryItemsDownloader", "..\Sitefinity.LibraryItemsDownloader\Sitefinity.LibraryItemsDownloader.csproj", "{20889157-2ABD-4328-B260-447504DAE4A5}"
EndProject
Global
	GlobalSection(SolutionConfigurationPlatforms) = preSolution
		Debug|Any CPU = Debug|Any CPU
		Release Pro|Any CPU = Release Pro|Any CPU
		Release|Any CPU = Release|Any CPU
	EndGlobalSection
	GlobalSection(ProjectConfigurationPlatforms) = postSolution
		{3E598CFC-83B2-494A-A97F-32EB24D797C6}.Debug|Any CPU.ActiveCfg = Debug|Any CPU
		{3E598CFC-83B2-494A-A97F-32EB24D797C6}.Debug|Any CPU.Build.0 = Debug|Any CPU
		{3E598CFC-83B2-494A-A97F-32EB24D797C6}.Release Pro|Any CPU.ActiveCfg = Release Pro|Any CPU
		{3E598CFC-83B2-494A-A97F-32EB24D797C6}.Release Pro|Any CPU.Build.0 = Release Pro|Any CPU
		{3E598CFC-83B2-494A-A97F-32EB24D797C6}.Release|Any CPU.ActiveCfg = Release|Any CPU
		{3E598CFC-83B2-494A-A97F-32EB24D797C6}.Release|Any CPU.Build.0 = Release|Any CPU
		{20889157-2ABD-4328-B260-447504DAE4A5}.Debug|Any CPU.ActiveCfg = Debug|Any CPU
		{20889157-2ABD-4328-B260-447504DAE4A5}.Debug|Any CPU.Build.0 = Debug|Any CPU
		{20889157-2ABD-4328-B260-447504DAE4A5}.Release Pro|Any CPU.ActiveCfg = Release|Any CPU
		{20889157-2ABD-4328-B260-447504DAE4A5}.Release Pro|Any CPU.Build.0 = Release|Any CPU
		{20889157-2ABD-4328-B260-447504DAE4A5}.Release|Any CPU.ActiveCfg = Release|Any CPU
		{20889157-2ABD-4328-B260-447504DAE4A5}.Release|Any CPU.Build.0 = Release|Any CPU
	EndGlobalSection
	GlobalSection(SolutionProperties) = preSolution
		HideSolutionNode = FALSE
	EndGlobalSection
	GlobalSection(ExtensibilityGlobals) = postSolution
		SolutionGuid = {EFB8FD03-BE91-4ED1-A843-AFAB056B80A7}
	EndGlobalSection
EndGlobal
